
Microsoft Visual Studio Solution File, Format Version 12.00
# Visual Studio Version 17
VisualStudioVersion = 17.4.33103.184
MinimumVisualStudioVersion = 10.0.40219.1
Project("{9A19103F-16F7-4668-BE54-9A1E7A4F7556}") = "OdeToFood", "OdeToFood\OdeToFood.csproj", "{571A118A-D693-49D7-8A7B-1C8ED327756D}"
EndProject
Project("{FAE04EC0-301F-11D3-BF4B-00C04F79EFBC}") = "OdeToFood.Tests", "OdeToFood.Tests\OdeToFood.Tests.csproj", "{8F971DD0-4075-4DE6-9D31-D87F0B9EC182}"
EndProject
Global
	GlobalSection(SolutionConfigurationPlatforms) = preSolution
		Debug|Any CPU = Debug|Any CPU
		Release|Any CPU = Release|Any CPU
	EndGlobalSection
	GlobalSection(ProjectConfigurationPlatforms) = postSolution
		{571A118A-D693-49D7-8A7B-1C8ED327756D}.Debug|Any CPU.ActiveCfg = Debug|Any CPU
		{571A118A-D693-49D7-8A7B-1C8ED327756D}.Debug|Any CPU.Build.0 = Debug|Any CPU
		{571A118A-D693-49D7-8A7B-1C8ED327756D}.Release|Any CPU.ActiveCfg = Release|Any CPU
		{571A118A-D693-49D7-8A7B-1C8ED327756D}.Release|Any CPU.Build.0 = Release|Any CPU
		{8F971DD0-4075-4DE6-9D31-D87F0B9EC182}.Debug|Any CPU.ActiveCfg = Debug|Any CPU
		{8F971DD0-4075-4DE6-9D31-D87F0B9EC182}.Debug|Any CPU.Build.0 = Debug|Any CPU
		{8F971DD0-4075-4DE6-9D31-D87F0B9EC182}.Release|Any CPU.ActiveCfg = Release|Any CPU
		{8F971DD0-4075-4DE6-9D31-D87F0B9EC182}.Release|Any CPU.Build.0 = Release|Any CPU
	EndGlobalSection
	GlobalSection(SolutionProperties) = preSolution
		HideSolutionNode = FALSE
	EndGlobalSection
	GlobalSection(ExtensibilityGlobals) = postSolution
		SolutionGuid = {F0C6BC9E-A700-4728-BF29-3BB74BE6CFC5}
	EndGlobalSection
EndGlobal
